// !$*UTF8*$!
{
	archiveVersion = 1;
	classes = {
	};
	objectVersion = 50;
	objects = {

/* Begin PBXBuildFile section */
		065A608221B8103E00196989 /* AppDelegate.swift in Sources */ = {isa = PBXBuildFile; fileRef = 065A608121B8103E00196989 /* AppDelegate.swift */; };
		065A608421B8103E00196989 /* ViewController.swift in Sources */ = {isa = PBXBuildFile; fileRef = 065A608321B8103E00196989 /* ViewController.swift */; };
		065A608721B8103E00196989 /* Main.storyboard in Resources */ = {isa = PBXBuildFile; fileRef = 065A608521B8103E00196989 /* Main.storyboard */; };
		065A608921B8104200196989 /* Assets.xcassets in Resources */ = {isa = PBXBuildFile; fileRef = 065A608821B8104200196989 /* Assets.xcassets */; };
		065A608C21B8104200196989 /* LaunchScreen.storyboard in Resources */ = {isa = PBXBuildFile; fileRef = 065A608A21B8104200196989 /* LaunchScreen.storyboard */; };
		065A609721B8104200196989 /* TranslatorTests.swift in Sources */ = {isa = PBXBuildFile; fileRef = 065A609621B8104200196989 /* TranslatorTests.swift */; };
		065A60A221B8104200196989 /* TranslatorUITests.swift in Sources */ = {isa = PBXBuildFile; fileRef = 065A60A121B8104200196989 /* TranslatorUITests.swift */; };
		066EE4DF21BE6F6B0076D948 /* DetectionResponse.swift in Sources */ = {isa = PBXBuildFile; fileRef = 066EE4DE21BE6F6B0076D948 /* DetectionResponse.swift */; };
		066EE4E121BE83210076D948 /* Translation_.swift in Sources */ = {isa = PBXBuildFile; fileRef = 066EE4E021BE83210076D948 /* Translation_.swift */; };
		066EE50521BE9BFB0076D948 /* Translator.xcdatamodeld in Sources */ = {isa = PBXBuildFile; fileRef = 066EE50321BE9BFB0076D948 /* Translator.xcdatamodeld */; };
		066EE51521BFCB330076D948 /* TranlsatorCollectionViewCell.swift in Sources */ = {isa = PBXBuildFile; fileRef = 066EE51421BFCB330076D948 /* TranlsatorCollectionViewCell.swift */; };
		06F5EAAB21C11F8F003C3392 /* APIKey.swift in Sources */ = {isa = PBXBuildFile; fileRef = 06F5EAAA21C11F8F003C3392 /* APIKey.swift */; };
		06F828CC21BBBEBC007F7EC9 /* TranslationResponse.swift in Sources */ = {isa = PBXBuildFile; fileRef = 06F828CB21BBBEBC007F7EC9 /* TranslationResponse.swift */; };
/* End PBXBuildFile section */

/* Begin PBXContainerItemProxy section */
		065A609321B8104200196989 /* PBXContainerItemProxy */ = {
			isa = PBXContainerItemProxy;
			containerPortal = 065A607621B8103E00196989 /* Project object */;
			proxyType = 1;
			remoteGlobalIDString = 065A607D21B8103E00196989;
			remoteInfo = Translator;
		};
		065A609E21B8104200196989 /* PBXContainerItemProxy */ = {
			isa = PBXContainerItemProxy;
			containerPortal = 065A607621B8103E00196989 /* Project object */;
			proxyType = 1;
			remoteGlobalIDString = 065A607D21B8103E00196989;
			remoteInfo = Translator;
		};
/* End PBXContainerItemProxy section */

/* Begin PBXFileReference section */
		065A607E21B8103E00196989 /* Translator.app */ = {isa = PBXFileReference; explicitFileType = wrapper.application; includeInIndex = 0; path = Translator.app; sourceTree = BUILT_PRODUCTS_DIR; };
		065A608121B8103E00196989 /* AppDelegate.swift */ = {isa = PBXFileReference; lastKnownFileType = sourcecode.swift; path = AppDelegate.swift; sourceTree = "<group>"; };
		065A608321B8103E00196989 /* ViewController.swift */ = {isa = PBXFileReference; lastKnownFileType = sourcecode.swift; path = ViewController.swift; sourceTree = "<group>"; };
		065A608621B8103E00196989 /* Base */ = {isa = PBXFileReference; lastKnownFileType = file.storyboard; name = Base; path = Base.lproj/Main.storyboard; sourceTree = "<group>"; };
		065A608821B8104200196989 /* Assets.xcassets */ = {isa = PBXFileReference; lastKnownFileType = folder.assetcatalog; path = Assets.xcassets; sourceTree = "<group>"; };
		065A608B21B8104200196989 /* Base */ = {isa = PBXFileReference; lastKnownFileType = file.storyboard; name = Base; path = Base.lproj/LaunchScreen.storyboard; sourceTree = "<group>"; };
		065A608D21B8104200196989 /* Info.plist */ = {isa = PBXFileReference; lastKnownFileType = text.plist.xml; path = Info.plist; sourceTree = "<group>"; };
		065A609221B8104200196989 /* TranslatorTests.xctest */ = {isa = PBXFileReference; explicitFileType = wrapper.cfbundle; includeInIndex = 0; path = TranslatorTests.xctest; sourceTree = BUILT_PRODUCTS_DIR; };
		065A609621B8104200196989 /* TranslatorTests.swift */ = {isa = PBXFileReference; lastKnownFileType = sourcecode.swift; path = TranslatorTests.swift; sourceTree = "<group>"; };
		065A609821B8104200196989 /* Info.plist */ = {isa = PBXFileReference; lastKnownFileType = text.plist.xml; path = Info.plist; sourceTree = "<group>"; };
		065A609D21B8104200196989 /* TranslatorUITests.xctest */ = {isa = PBXFileReference; explicitFileType = wrapper.cfbundle; includeInIndex = 0; path = TranslatorUITests.xctest; sourceTree = BUILT_PRODUCTS_DIR; };
		065A60A121B8104200196989 /* TranslatorUITests.swift */ = {isa = PBXFileReference; lastKnownFileType = sourcecode.swift; path = TranslatorUITests.swift; sourceTree = "<group>"; };
		065A60A321B8104200196989 /* Info.plist */ = {isa = PBXFileReference; lastKnownFileType = text.plist.xml; path = Info.plist; sourceTree = "<group>"; };
		066EE4DE21BE6F6B0076D948 /* DetectionResponse.swift */ = {isa = PBXFileReference; lastKnownFileType = sourcecode.swift; path = DetectionResponse.swift; sourceTree = "<group>"; };
		066EE4E021BE83210076D948 /* Translation_.swift */ = {isa = PBXFileReference; lastKnownFileType = sourcecode.swift; path = Translation_.swift; sourceTree = "<group>"; };
		066EE50421BE9BFB0076D948 /* Translator.xcdatamodel */ = {isa = PBXFileReference; lastKnownFileType = wrapper.xcdatamodel; path = Translator.xcdatamodel; sourceTree = "<group>"; };
		066EE51421BFCB330076D948 /* TranlsatorCollectionViewCell.swift */ = {isa = PBXFileReference; lastKnownFileType = sourcecode.swift; path = TranlsatorCollectionViewCell.swift; sourceTree = "<group>"; };
		06F5EAAA21C11F8F003C3392 /* APIKey.swift */ = {isa = PBXFileReference; lastKnownFileType = sourcecode.swift; path = APIKey.swift; sourceTree = "<group>"; };
		06F828CB21BBBEBC007F7EC9 /* TranslationResponse.swift */ = {isa = PBXFileReference; lastKnownFileType = sourcecode.swift; path = TranslationResponse.swift; sourceTree = "<group>"; };
/* End PBXFileReference section */

/* Begin PBXFrameworksBuildPhase section */
		065A607B21B8103E00196989 /* Frameworks */ = {
			isa = PBXFrameworksBuildPhase;
			buildActionMask = 2147483647;
			files = (
			);
			runOnlyForDeploymentPostprocessing = 0;
		};
		065A608F21B8104200196989 /* Frameworks */ = {
			isa = PBXFrameworksBuildPhase;
			buildActionMask = 2147483647;
			files = (
			);
			runOnlyForDeploymentPostprocessing = 0;
		};
		065A609A21B8104200196989 /* Frameworks */ = {
			isa = PBXFrameworksBuildPhase;
			buildActionMask = 2147483647;
			files = (
			);
			runOnlyForDeploymentPostprocessing = 0;
		};
/* End PBXFrameworksBuildPhase section */

/* Begin PBXGroup section */
		065A607521B8103E00196989 = {
			isa = PBXGroup;
			children = (
				065A608021B8103E00196989 /* Translator */,
				065A609521B8104200196989 /* TranslatorTests */,
				065A60A021B8104200196989 /* TranslatorUITests */,
				065A607F21B8103E00196989 /* Products */,
			);
			sourceTree = "<group>";
		};
		065A607F21B8103E00196989 /* Products */ = {
			isa = PBXGroup;
			children = (
				065A607E21B8103E00196989 /* Translator.app */,
				065A609221B8104200196989 /* TranslatorTests.xctest */,
				065A609D21B8104200196989 /* TranslatorUITests.xctest */,
			);
			name = Products;
			sourceTree = "<group>";
		};
		065A608021B8103E00196989 /* Translator */ = {
			isa = PBXGroup;
			children = (
				066EE51421BFCB330076D948 /* TranlsatorCollectionViewCell.swift */,
				06F828CB21BBBEBC007F7EC9 /* TranslationResponse.swift */,
				066EE4DE21BE6F6B0076D948 /* DetectionResponse.swift */,
				065A608121B8103E00196989 /* AppDelegate.swift */,
				066EE50321BE9BFB0076D948 /* Translator.xcdatamodeld */,
				065A608321B8103E00196989 /* ViewController.swift */,
				066EE4E021BE83210076D948 /* Translation_.swift */,
				065A608521B8103E00196989 /* Main.storyboard */,
				065A608821B8104200196989 /* Assets.xcassets */,
				065A608A21B8104200196989 /* LaunchScreen.storyboard */,
				065A608D21B8104200196989 /* Info.plist */,
				06F5EAAA21C11F8F003C3392 /* APIKey.swift */,
			);
			path = Translator;
			sourceTree = "<group>";
		};
		065A609521B8104200196989 /* TranslatorTests */ = {
			isa = PBXGroup;
			children = (
				065A609621B8104200196989 /* TranslatorTests.swift */,
				065A609821B8104200196989 /* Info.plist */,
			);
			path = TranslatorTests;
			sourceTree = "<group>";
		};
		065A60A021B8104200196989 /* TranslatorUITests */ = {
			isa = PBXGroup;
			children = (
				065A60A121B8104200196989 /* TranslatorUITests.swift */,
				065A60A321B8104200196989 /* Info.plist */,
			);
			path = TranslatorUITests;
			sourceTree = "<group>";
		};
/* End PBXGroup section */

/* Begin PBXNativeTarget section */
		065A607D21B8103E00196989 /* Translator */ = {
			isa = PBXNativeTarget;
			buildConfigurationList = 065A60A621B8104200196989 /* Build configuration list for PBXNativeTarget "Translator" */;
			buildPhases = (
				065A607A21B8103E00196989 /* Sources */,
				065A607B21B8103E00196989 /* Frameworks */,
				065A607C21B8103E00196989 /* Resources */,
			);
			buildRules = (
			);
			dependencies = (
			);
			name = Translator;
			productName = Translator;
			productReference = 065A607E21B8103E00196989 /* Translator.app */;
			productType = "com.apple.product-type.application";
		};
		065A609121B8104200196989 /* TranslatorTests */ = {
			isa = PBXNativeTarget;
			buildConfigurationList = 065A60A921B8104200196989 /* Build configuration list for PBXNativeTarget "TranslatorTests" */;
			buildPhases = (
				065A608E21B8104200196989 /* Sources */,
				065A608F21B8104200196989 /* Frameworks */,
				065A609021B8104200196989 /* Resources */,
			);
			buildRules = (
			);
			dependencies = (
				065A609421B8104200196989 /* PBXTargetDependency */,
			);
			name = TranslatorTests;
			productName = TranslatorTests;
			productReference = 065A609221B8104200196989 /* TranslatorTests.xctest */;
			productType = "com.apple.product-type.bundle.unit-test";
		};
		065A609C21B8104200196989 /* TranslatorUITests */ = {
			isa = PBXNativeTarget;
			buildConfigurationList = 065A60AC21B8104200196989 /* Build configuration list for PBXNativeTarget "TranslatorUITests" */;
			buildPhases = (
				065A609921B8104200196989 /* Sources */,
				065A609A21B8104200196989 /* Frameworks */,
				065A609B21B8104200196989 /* Resources */,
			);
			buildRules = (
			);
			dependencies = (
				065A609F21B8104200196989 /* PBXTargetDependency */,
			);
			name = TranslatorUITests;
			productName = TranslatorUITests;
			productReference = 065A609D21B8104200196989 /* TranslatorUITests.xctest */;
			productType = "com.apple.product-type.bundle.ui-testing";
		};
/* End PBXNativeTarget section */

/* Begin PBXProject section */
		065A607621B8103E00196989 /* Project object */ = {
			isa = PBXProject;
			attributes = {
				LastSwiftUpdateCheck = 1010;
				LastUpgradeCheck = 1010;
				ORGANIZATIONNAME = Evgenii;
				TargetAttributes = {
					065A607D21B8103E00196989 = {
						CreatedOnToolsVersion = 10.1;
					};
					065A609121B8104200196989 = {
						CreatedOnToolsVersion = 10.1;
						TestTargetID = 065A607D21B8103E00196989;
					};
					065A609C21B8104200196989 = {
						CreatedOnToolsVersion = 10.1;
						TestTargetID = 065A607D21B8103E00196989;
					};
				};
			};
			buildConfigurationList = 065A607921B8103E00196989 /* Build configuration list for PBXProject "Translator" */;
			compatibilityVersion = "Xcode 9.3";
			developmentRegion = en;
			hasScannedForEncodings = 0;
			knownRegions = (
				en,
				Base,
			);
			mainGroup = 065A607521B8103E00196989;
			productRefGroup = 065A607F21B8103E00196989 /* Products */;
			projectDirPath = "";
			projectRoot = "";
			targets = (
				065A607D21B8103E00196989 /* Translator */,
				065A609121B8104200196989 /* TranslatorTests */,
				065A609C21B8104200196989 /* TranslatorUITests */,
			);
		};
/* End PBXProject section */

/* Begin PBXResourcesBuildPhase section */
		065A607C21B8103E00196989 /* Resources */ = {
			isa = PBXResourcesBuildPhase;
			buildActionMask = 2147483647;
			files = (
				065A608C21B8104200196989 /* LaunchScreen.storyboard in Resources */,
				065A608921B8104200196989 /* Assets.xcassets in Resources */,
				065A608721B8103E00196989 /* Main.storyboard in Resources */,
			);
			runOnlyForDeploymentPostprocessing = 0;
		};
		065A609021B8104200196989 /* Resources */ = {
			isa = PBXResourcesBuildPhase;
			buildActionMask = 2147483647;
			files = (
			);
			runOnlyForDeploymentPostprocessing = 0;
		};
		065A609B21B8104200196989 /* Resources */ = {
			isa = PBXResourcesBuildPhase;
			buildActionMask = 2147483647;
			files = (
			);
			runOnlyForDeploymentPostprocessing = 0;
		};
/* End PBXResourcesBuildPhase section */

/* Begin PBXSourcesBuildPhase section */
		065A607A21B8103E00196989 /* Sources */ = {
			isa = PBXSourcesBuildPhase;
			buildActionMask = 2147483647;
			files = (
				066EE4DF21BE6F6B0076D948 /* DetectionResponse.swift in Sources */,
				06F828CC21BBBEBC007F7EC9 /* TranslationResponse.swift in Sources */,
				06F5EAAB21C11F8F003C3392 /* APIKey.swift in Sources */,
				065A608421B8103E00196989 /* ViewController.swift in Sources */,
				066EE50521BE9BFB0076D948 /* Translator.xcdatamodeld in Sources */,
				065A608221B8103E00196989 /* AppDelegate.swift in Sources */,
				066EE51521BFCB330076D948 /* TranlsatorCollectionViewCell.swift in Sources */,
				066EE4E121BE83210076D948 /* Translation_.swift in Sources */,
			);
			runOnlyForDeploymentPostprocessing = 0;
		};
		065A608E21B8104200196989 /* Sources */ = {
			isa = PBXSourcesBuildPhase;
			buildActionMask = 2147483647;
			files = (
				065A609721B8104200196989 /* TranslatorTests.swift in Sources */,
			);
			runOnlyForDeploymentPostprocessing = 0;
		};
		065A609921B8104200196989 /* Sources */ = {
			isa = PBXSourcesBuildPhase;
			buildActionMask = 2147483647;
			files = (
				065A60A221B8104200196989 /* TranslatorUITests.swift in Sources */,
			);
			runOnlyForDeploymentPostprocessing = 0;
		};
/* End PBXSourcesBuildPhase section */

/* Begin PBXTargetDependency section */
		065A609421B8104200196989 /* PBXTargetDependency */ = {
			isa = PBXTargetDependency;
			target = 065A607D21B8103E00196989 /* Translator */;
			targetProxy = 065A609321B8104200196989 /* PBXContainerItemProxy */;
		};
		065A609F21B8104200196989 /* PBXTargetDependency */ = {
			isa = PBXTargetDependency;
			target = 065A607D21B8103E00196989 /* Translator */;
			targetProxy = 065A609E21B8104200196989 /* PBXContainerItemProxy */;
		};
/* End PBXTargetDependency section */

/* Begin PBXVariantGroup section */
		065A608521B8103E00196989 /* Main.storyboard */ = {
			isa = PBXVariantGroup;
			children = (
				065A608621B8103E00196989 /* Base */,
			);
			name = Main.storyboard;
			sourceTree = "<group>";
		};
		065A608A21B8104200196989 /* LaunchScreen.storyboard */ = {
			isa = PBXVariantGroup;
			children = (
				065A608B21B8104200196989 /* Base */,
			);
			name = LaunchScreen.storyboard;
			sourceTree = "<group>";
		};
/* End PBXVariantGroup section */

/* Begin XCBuildConfiguration section */
		065A60A421B8104200196989 /* Debug */ = {
			isa = XCBuildConfiguration;
			buildSettings = {
				ALWAYS_SEARCH_USER_PATHS = NO;
				CLANG_ANALYZER_NONNULL = YES;
				CLANG_ANALYZER_NUMBER_OBJECT_CONVERSION = YES_AGGRESSIVE;
				CLANG_CXX_LANGUAGE_STANDARD = "gnu++14";
				CLANG_CXX_LIBRARY = "libc++";
				CLANG_ENABLE_MODULES = YES;
				CLANG_ENABLE_OBJC_ARC = YES;
				CLANG_ENABLE_OBJC_WEAK = YES;
				CLANG_WARN_BLOCK_CAPTURE_AUTORELEASING = YES;
				CLANG_WARN_BOOL_CONVERSION = YES;
				CLANG_WARN_COMMA = YES;
				CLANG_WARN_CONSTANT_CONVERSION = YES;
				CLANG_WARN_DEPRECATED_OBJC_IMPLEMENTATIONS = YES;
				CLANG_WARN_DIRECT_OBJC_ISA_USAGE = YES_ERROR;
				CLANG_WARN_DOCUMENTATION_COMMENTS = YES;
				CLANG_WARN_EMPTY_BODY = YES;
				CLANG_WARN_ENUM_CONVERSION = YES;
				CLANG_WARN_INFINITE_RECURSION = YES;
				CLANG_WARN_INT_CONVERSION = YES;
				CLANG_WARN_NON_LITERAL_NULL_CONVERSION = YES;
				CLANG_WARN_OBJC_IMPLICIT_RETAIN_SELF = YES;
				CLANG_WARN_OBJC_LITERAL_CONVERSION = YES;
				CLANG_WARN_OBJC_ROOT_CLASS = YES_ERROR;
				CLANG_WARN_RANGE_LOOP_ANALYSIS = YES;
				CLANG_WARN_STRICT_PROTOTYPES = YES;
				CLANG_WARN_SUSPICIOUS_MOVE = YES;
				CLANG_WARN_UNGUARDED_AVAILABILITY = YES_AGGRESSIVE;
				CLANG_WARN_UNREACHABLE_CODE = YES;
				CLANG_WARN__DUPLICATE_METHOD_MATCH = YES;
				CODE_SIGN_IDENTITY = "iPhone Developer";
				COPY_PHASE_STRIP = NO;
				DEBUG_INFORMATION_FORMAT = dwarf;
				ENABLE_STRICT_OBJC_MSGSEND = YES;
				ENABLE_TESTABILITY = YES;
				GCC_C_LANGUAGE_STANDARD = gnu11;
				GCC_DYNAMIC_NO_PIC = NO;
				GCC_NO_COMMON_BLOCKS = YES;
				GCC_OPTIMIZATION_LEVEL = 0;
				GCC_PREPROCESSOR_DEFINITIONS = (
					"DEBUG=1",
					"$(inherited)",
				);
				GCC_WARN_64_TO_32_BIT_CONVERSION = YES;
				GCC_WARN_ABOUT_RETURN_TYPE = YES_ERROR;
				GCC_WARN_UNDECLARED_SELECTOR = YES;
				GCC_WARN_UNINITIALIZED_AUTOS = YES_AGGRESSIVE;
				GCC_WARN_UNUSED_FUNCTION = YES;
				GCC_WARN_UNUSED_VARIABLE = YES;
				IPHONEOS_DEPLOYMENT_TARGET = 12.1;
				MTL_ENABLE_DEBUG_INFO = INCLUDE_SOURCE;
				MTL_FAST_MATH = YES;
				ONLY_ACTIVE_ARCH = YES;
				SDKROOT = iphoneos;
				SWIFT_ACTIVE_COMPILATION_CONDITIONS = DEBUG;
				SWIFT_OPTIMIZATION_LEVEL = "-Onone";
			};
			name = Debug;
		};
		065A60A521B8104200196989 /* Release */ = {
			isa = XCBuildConfiguration;
			buildSettings = {
				ALWAYS_SEARCH_USER_PATHS = NO;
				CLANG_ANALYZER_NONNULL = YES;
				CLANG_ANALYZER_NUMBER_OBJECT_CONVERSION = YES_AGGRESSIVE;
				CLANG_CXX_LANGUAGE_STANDARD = "gnu++14";
				CLANG_CXX_LIBRARY = "libc++";
				CLANG_ENABLE_MODULES = YES;
				CLANG_ENABLE_OBJC_ARC = YES;
				CLANG_ENABLE_OBJC_WEAK = YES;
				CLANG_WARN_BLOCK_CAPTURE_AUTORELEASING = YES;
				CLANG_WARN_BOOL_CONVERSION = YES;
				CLANG_WARN_COMMA = YES;
				CLANG_WARN_CONSTANT_CONVERSION = YES;
				CLANG_WARN_DEPRECATED_OBJC_IMPLEMENTATIONS = YES;
				CLANG_WARN_DIRECT_OBJC_ISA_USAGE = YES_ERROR;
				CLANG_WARN_DOCUMENTATION_COMMENTS = YES;
				CLANG_WARN_EMPTY_BODY = YES;
				CLANG_WARN_ENUM_CONVERSION = YES;
				CLANG_WARN_INFINITE_RECURSION = YES;
				CLANG_WARN_INT_CONVERSION = YES;
				CLANG_WARN_NON_LITERAL_NULL_CONVERSION = YES;
				CLANG_WARN_OBJC_IMPLICIT_RETAIN_SELF = YES;
				CLANG_WARN_OBJC_LITERAL_CONVERSION = YES;
				CLANG_WARN_OBJC_ROOT_CLASS = YES_ERROR;
				CLANG_WARN_RANGE_LOOP_ANALYSIS = YES;
				CLANG_WARN_STRICT_PROTOTYPES = YES;
				CLANG_WARN_SUSPICIOUS_MOVE = YES;
				CLANG_WARN_UNGUARDED_AVAILABILITY = YES_AGGRESSIVE;
				CLANG_WARN_UNREACHABLE_CODE = YES;
				CLANG_WARN__DUPLICATE_METHOD_MATCH = YES;
				CODE_SIGN_IDENTITY = "iPhone Developer";
				COPY_PHASE_STRIP = NO;
				DEBUG_INFORMATION_FORMAT = "dwarf-with-dsym";
				ENABLE_NS_ASSERTIONS = NO;
				ENABLE_STRICT_OBJC_MSGSEND = YES;
				GCC_C_LANGUAGE_STANDARD = gnu11;
				GCC_NO_COMMON_BLOCKS = YES;
				GCC_WARN_64_TO_32_BIT_CONVERSION = YES;
				GCC_WARN_ABOUT_RETURN_TYPE = YES_ERROR;
				GCC_WARN_UNDECLARED_SELECTOR = YES;
				GCC_WARN_UNINITIALIZED_AUTOS = YES_AGGRESSIVE;
				GCC_WARN_UNUSED_FUNCTION = YES;
				GCC_WARN_UNUSED_VARIABLE = YES;
				IPHONEOS_DEPLOYMENT_TARGET = 12.1;
				MTL_ENABLE_DEBUG_INFO = NO;
				MTL_FAST_MATH = YES;
				SDKROOT = iphoneos;
				SWIFT_COMPILATION_MODE = wholemodule;
				SWIFT_OPTIMIZATION_LEVEL = "-O";
				VALIDATE_PRODUCT = YES;
			};
			name = Release;
		};
		065A60A721B8104200196989 /* Debug */ = {
			isa = XCBuildConfiguration;
			buildSettings = {
				ASSETCATALOG_COMPILER_APPICON_NAME = AppIcon;
				CODE_SIGN_STYLE = Automatic;
				DEVELOPMENT_TEAM = VRA62UFA25;
				INFOPLIST_FILE = Translator/Info.plist;
				LD_RUNPATH_SEARCH_PATHS = (
					"$(inherited)",
					"@executable_path/Frameworks",
				);
				PRODUCT_BUNDLE_IDENTIFIER = Vyatkin.Translator;
				PRODUCT_NAME = "$(TARGET_NAME)";
				SWIFT_VERSION = 4.2;
				TARGETED_DEVICE_FAMILY = "1,2";
			};
			name = Debug;
		};
		065A60A821B8104200196989 /* Release */ = {
			isa = XCBuildConfiguration;
			buildSettings = {
				ASSETCATALOG_COMPILER_APPICON_NAME = AppIcon;
				CODE_SIGN_STYLE = Automatic;
				DEVELOPMENT_TEAM = VRA62UFA25;
				INFOPLIST_FILE = Translator/Info.plist;
				LD_RUNPATH_SEARCH_PATHS = (
					"$(inherited)",
					"@executable_path/Frameworks",
				);
				PRODUCT_BUNDLE_IDENTIFIER = Vyatkin.Translator;
				PRODUCT_NAME = "$(TARGET_NAME)";
				SWIFT_VERSION = 4.2;
				TARGETED_DEVICE_FAMILY = "1,2";
			};
			name = Release;
		};
		065A60AA21B8104200196989 /* Debug */ = {
			isa = XCBuildConfiguration;
			buildSettings = {
				ALWAYS_EMBED_SWIFT_STANDARD_LIBRARIES = YES;
				BUNDLE_LOADER = "$(TEST_HOST)";
				CODE_SIGN_STYLE = Automatic;
				DEVELOPMENT_TEAM = VRA62UFA25;
				INFOPLIST_FILE = TranslatorTests/Info.plist;
				LD_RUNPATH_SEARCH_PATHS = (
					"$(inherited)",
					"@executable_path/Frameworks",
					"@loader_path/Frameworks",
				);
				PRODUCT_BUNDLE_IDENTIFIER = Vyatkin.TranslatorTests;
				PRODUCT_NAME = "$(TARGET_NAME)";
				SWIFT_VERSION = 4.2;
				TARGETED_DEVICE_FAMILY = "1,2";
				TEST_HOST = "$(BUILT_PRODUCTS_DIR)/Translator.app/Translator";
			};
			name = Debug;
		};
		065A60AB21B8104200196989 /* Release */ = {
			isa = XCBuildConfiguration;
			buildSettings = {
				ALWAYS_EMBED_SWIFT_STANDARD_LIBRARIES = YES;
				BUNDLE_LOADER = "$(TEST_HOST)";
				CODE_SIGN_STYLE = Automatic;
				DEVELOPMENT_TEAM = VRA62UFA25;
				INFOPLIST_FILE = TranslatorTests/Info.plist;
				LD_RUNPATH_SEARCH_PATHS = (
					"$(inherited)",
					"@executable_path/Frameworks",
					"@loader_path/Frameworks",
				);
				PRODUCT_BUNDLE_IDENTIFIER = Vyatkin.TranslatorTests;
				PRODUCT_NAME = "$(TARGET_NAME)";
				SWIFT_VERSION = 4.2;
				TARGETED_DEVICE_FAMILY = "1,2";
				TEST_HOST = "$(BUILT_PRODUCTS_DIR)/Translator.app/Translator";
			};
			name = Release;
		};
		065A60AD21B8104200196989 /* Debug */ = {
			isa = XCBuildConfiguration;
			buildSettings = {
				ALWAYS_EMBED_SWIFT_STANDARD_LIBRARIES = YES;
				CODE_SIGN_STYLE = Automatic;
				DEVELOPMENT_TEAM = VRA62UFA25;
				INFOPLIST_FILE = TranslatorUITests/Info.plist;
				LD_RUNPATH_SEARCH_PATHS = (
					"$(inherited)",
					"@executable_path/Frameworks",
					"@loader_path/Frameworks",
				);
				PRODUCT_BUNDLE_IDENTIFIER = Vyatkin.TranslatorUITests;
				PRODUCT_NAME = "$(TARGET_NAME)";
				SWIFT_VERSION = 4.2;
				TARGETED_DEVICE_FAMILY = "1,2";
				TEST_TARGET_NAME = Translator;
			};
			name = Debug;
		};
		065A60AE21B8104200196989 /* Release */ = {
			isa = XCBuildConfiguration;
			buildSettings = {
				ALWAYS_EMBED_SWIFT_STANDARD_LIBRARIES = YES;
				CODE_SIGN_STYLE = Automatic;
				DEVELOPMENT_TEAM = VRA62UFA25;
				INFOPLIST_FILE = TranslatorUITests/Info.plist;
				LD_RUNPATH_SEARCH_PATHS = (
					"$(inherited)",
					"@executable_path/Frameworks",
					"@loader_path/Frameworks",
				);
				PRODUCT_BUNDLE_IDENTIFIER = Vyatkin.TranslatorUITests;
				PRODUCT_NAME = "$(TARGET_NAME)";
				SWIFT_VERSION = 4.2;
				TARGETED_DEVICE_FAMILY = "1,2";
				TEST_TARGET_NAME = Translator;
			};
			name = Release;
		};
/* End XCBuildConfiguration section */

/* Begin XCConfigurationList section */
		065A607921B8103E00196989 /* Build configuration list for PBXProject "Translator" */ = {
			isa = XCConfigurationList;
			buildConfigurations = (
				065A60A421B8104200196989 /* Debug */,
				065A60A521B8104200196989 /* Release */,
			);
			defaultConfigurationIsVisible = 0;
			defaultConfigurationName = Release;
		};
		065A60A621B8104200196989 /* Build configuration list for PBXNativeTarget "Translator" */ = {
			isa = XCConfigurationList;
			buildConfigurations = (
				065A60A721B8104200196989 /* Debug */,
				065A60A821B8104200196989 /* Release */,
			);
			defaultConfigurationIsVisible = 0;
			defaultConfigurationName = Release;
		};
		065A60A921B8104200196989 /* Build configuration list for PBXNativeTarget "TranslatorTests" */ = {
			isa = XCConfigurationList;
			buildConfigurations = (
				065A60AA21B8104200196989 /* Debug */,
				065A60AB21B8104200196989 /* Release */,
			);
			defaultConfigurationIsVisible = 0;
			defaultConfigurationName = Release;
		};
		065A60AC21B8104200196989 /* Build configuration list for PBXNativeTarget "TranslatorUITests" */ = {
			isa = XCConfigurationList;
			buildConfigurations = (
				065A60AD21B8104200196989 /* Debug */,
				065A60AE21B8104200196989 /* Release */,
			);
			defaultConfigurationIsVisible = 0;
			defaultConfigurationName = Release;
		};
/* End XCConfigurationList section */

/* Begin XCVersionGroup section */
		066EE50321BE9BFB0076D948 /* Translator.xcdatamodeld */ = {
			isa = XCVersionGroup;
			children = (
				066EE50421BE9BFB0076D948 /* Translator.xcdatamodel */,
			);
			currentVersion = 066EE50421BE9BFB0076D948 /* Translator.xcdatamodel */;
			path = Translator.xcdatamodeld;
			sourceTree = "<group>";
			versionGroupType = wrapper.xcdatamodel;
		};
/* End XCVersionGroup section */
	};
	rootObject = 065A607621B8103E00196989 /* Project object */;
}
